
Microsoft Visual Studio Solution File, Format Version 12.00
# Visual Studio 15
VisualStudioVersion = 15.0.28307.421
MinimumVisualStudioVersion = 10.0.40219.1
Project("{FAE04EC0-301F-11D3-BF4B-00C04F79EFBC}") = "CO", "test2\CO.csproj", "{BECEE50E-161B-4ACF-9A86-C6F73CFD988C}"
EndProject
Global
	GlobalSection(SolutionConfigurationPlatforms) = preSolution
		Debug|Any CPU = Debug|Any CPU
		Release|Any CPU = Release|Any CPU
	EndGlobalSection
	GlobalSection(ProjectConfigurationPlatforms) = postSolution
		{BECEE50E-161B-4ACF-9A86-C6F73CFD988C}.Debug|Any CPU.ActiveCfg = Debug|Any CPU
		{BECEE50E-161B-4ACF-9A86-C6F73CFD988C}.Debug|Any CPU.Build.0 = Debug|Any CPU
		{BECEE50E-161B-4ACF-9A86-C6F73CFD988C}.Release|Any CPU.ActiveCfg = Release|Any CPU
		{BECEE50E-161B-4ACF-9A86-C6F73CFD988C}.Release|Any CPU.Build.0 = Release|Any CPU
	EndGlobalSection
	GlobalSection(SolutionProperties) = preSolution
		HideSolutionNode = FALSE
	EndGlobalSection
	GlobalSection(ExtensibilityGlobals) = postSolution
		SolutionGuid = {BD9F5B45-1EEE-42AE-BF35-F03E6956F15A}
	EndGlobalSection
EndGlobal
